// !$*UTF8*$!
{
	archiveVersion = 1;
	classes = {
	};
	objectVersion = 77;
	objects = {

/* Begin PBXBuildFile section */
		7E37A3EA2EF0A99400E1932B /* AvgSpeed Watch App.app in Embed Watch Content */ = {isa = PBXBuildFile; fileRef = 7E37A3E92EF0A99400E1932B /* AvgSpeed Watch App.app */; settings = {ATTRIBUTES = (RemoveHeadersOnCopy, ); }; };
		7E9D10012F00000100E1932B /* WidgetKit.framework in Frameworks */ = {isa = PBXBuildFile; fileRef = 7E9D10062F00000100E1932B /* WidgetKit.framework */; };
		7E9D10022F00000100E1932B /* SwiftUI.framework in Frameworks */ = {isa = PBXBuildFile; fileRef = 7E9D10072F00000100E1932B /* SwiftUI.framework */; };
		7E9D10032F00000100E1932B /* AvgSpeedComplicationExtension.appex in Embed Foundation Extensions */ = {isa = PBXBuildFile; fileRef = 7E9D10082F00000100E1932B /* AvgSpeedComplicationExtension.appex */; settings = {ATTRIBUTES = (RemoveHeadersOnCopy, ); }; };
/* End PBXBuildFile section */

/* Begin PBXContainerItemProxy section */
		7E37A3EB2EF0A99400E1932B /* PBXContainerItemProxy */ = {
			isa = PBXContainerItemProxy;
			containerPortal = 7E37A3DD2EF0A99300E1932B /* Project object */;
			proxyType = 1;
			remoteGlobalIDString = 7E37A3E82EF0A99400E1932B;
			remoteInfo = "AvgSpeed Watch App";
		};
		7E9D10042F00000100E1932B /* PBXContainerItemProxy */ = {
			isa = PBXContainerItemProxy;
			containerPortal = 7E37A3DD2EF0A99300E1932B /* Project object */;
			proxyType = 1;
			remoteGlobalIDString = 7E9D100E2F00000100E1932B;
			remoteInfo = AvgSpeedComplicationExtension;
		};
/* End PBXContainerItemProxy section */

/* Begin PBXCopyFilesBuildPhase section */
		7E37A3F92EF0A99500E1932B /* Embed Watch Content */ = {
			isa = PBXCopyFilesBuildPhase;
			buildActionMask = 2147483647;
			dstPath = "$(CONTENTS_FOLDER_PATH)/Watch";
			dstSubfolderSpec = 16;
			files = (
				7E37A3EA2EF0A99400E1932B /* AvgSpeed Watch App.app in Embed Watch Content */,
			);
			name = "Embed Watch Content";
			runOnlyForDeploymentPostprocessing = 0;
		};
		7E9D10052F00000100E1932B /* Embed Foundation Extensions */ = {
			isa = PBXCopyFilesBuildPhase;
			buildActionMask = 2147483647;
			dstPath = "";
			dstSubfolderSpec = 13;
			files = (
				7E9D10032F00000100E1932B /* AvgSpeedComplicationExtension.appex in Embed Foundation Extensions */,
			);
			name = "Embed Foundation Extensions";
			runOnlyForDeploymentPostprocessing = 0;
		};
/* End PBXCopyFilesBuildPhase section */

/* Begin PBXFileReference section */
		7E37A3E32EF0A99400E1932B /* AvgSpeed.app */ = {isa = PBXFileReference; explicitFileType = wrapper.application; includeInIndex = 0; path = AvgSpeed.app; sourceTree = BUILT_PRODUCTS_DIR; };
		7E37A3E92EF0A99400E1932B /* AvgSpeed Watch App.app */ = {isa = PBXFileReference; explicitFileType = wrapper.application; includeInIndex = 0; path = "AvgSpeed Watch App.app"; sourceTree = BUILT_PRODUCTS_DIR; };
		7E9D10062F00000100E1932B /* WidgetKit.framework */ = {isa = PBXFileReference; lastKnownFileType = wrapper.framework; name = WidgetKit.framework; path = System/Library/Frameworks/WidgetKit.framework; sourceTree = SDKROOT; };
		7E9D10072F00000100E1932B /* SwiftUI.framework */ = {isa = PBXFileReference; lastKnownFileType = wrapper.framework; name = SwiftUI.framework; path = System/Library/Frameworks/SwiftUI.framework; sourceTree = SDKROOT; };
		7E9D10082F00000100E1932B /* AvgSpeedComplicationExtension.appex */ = {isa = PBXFileReference; explicitFileType = "wrapper.app-extension"; includeInIndex = 0; path = AvgSpeedComplicationExtension.appex; sourceTree = BUILT_PRODUCTS_DIR; };
		7E9D10092F00000100E1932B /* AvgSpeedComplicationExtension.entitlements */ = {isa = PBXFileReference; lastKnownFileType = text.plist.entitlements; path = AvgSpeedComplicationExtension.entitlements; sourceTree = "<group>"; };
/* End PBXFileReference section */

/* Begin PBXFileSystemSynchronizedBuildFileExceptionSet section */
		7E9D100A2F00000100E1932B /* Exceptions for "AvgSpeedComplication" folder in "AvgSpeedComplicationExtension" target */ = {
			isa = PBXFileSystemSynchronizedBuildFileExceptionSet;
			membershipExceptions = (
				Info.plist,
			);
			target = 7E9D100E2F00000100E1932B /* AvgSpeedComplicationExtension */;
		};
/* End PBXFileSystemSynchronizedBuildFileExceptionSet section */

/* Begin PBXFileSystemSynchronizedRootGroup section */
		7E37A3ED2EF0A99400E1932B /* AvgSpeed Watch App */ = {
			isa = PBXFileSystemSynchronizedRootGroup;
			path = "AvgSpeed Watch App";
			sourceTree = "<group>";
		};
		7E9D100B2F00000100E1932B /* AvgSpeedComplication */ = {
			isa = PBXFileSystemSynchronizedRootGroup;
			exceptions = (
				7E9D100A2F00000100E1932B /* Exceptions for "AvgSpeedComplication" folder in "AvgSpeedComplicationExtension" target */,
			);
			path = AvgSpeedComplication;
			sourceTree = "<group>";
		};
/* End PBXFileSystemSynchronizedRootGroup section */

/* Begin PBXFrameworksBuildPhase section */
		7E37A3E62EF0A99400E1932B /* Frameworks */ = {
			isa = PBXFrameworksBuildPhase;
			buildActionMask = 2147483647;
			files = (
			);
			runOnlyForDeploymentPostprocessing = 0;
		};
		7E9D100C2F00000100E1932B /* Frameworks */ = {
			isa = PBXFrameworksBuildPhase;
			buildActionMask = 2147483647;
			files = (
				7E9D10022F00000100E1932B /* SwiftUI.framework in Frameworks */,
				7E9D10012F00000100E1932B /* WidgetKit.framework in Frameworks */,
			);
			runOnlyForDeploymentPostprocessing = 0;
		};
/* End PBXFrameworksBuildPhase section */

/* Begin PBXGroup section */
		7E37A3DC2EF0A99300E1932B = {
			isa = PBXGroup;
			children = (
				7E9D10092F00000100E1932B /* AvgSpeedComplicationExtension.entitlements */,
				7E37A3ED2EF0A99400E1932B /* AvgSpeed Watch App */,
				7E9D100B2F00000100E1932B /* AvgSpeedComplication */,
				7E9D100D2F00000100E1932B /* Frameworks */,
				7E37A3E42EF0A99400E1932B /* Products */,
			);
			sourceTree = "<group>";
		};
		7E37A3E42EF0A99400E1932B /* Products */ = {
			isa = PBXGroup;
			children = (
				7E37A3E32EF0A99400E1932B /* AvgSpeed.app */,
				7E37A3E92EF0A99400E1932B /* AvgSpeed Watch App.app */,
				7E9D10082F00000100E1932B /* AvgSpeedComplicationExtension.appex */,
			);
			name = Products;
			sourceTree = "<group>";
		};
		7E9D100D2F00000100E1932B /* Frameworks */ = {
			isa = PBXGroup;
			children = (
				7E9D10062F00000100E1932B /* WidgetKit.framework */,
				7E9D10072F00000100E1932B /* SwiftUI.framework */,
			);
			name = Frameworks;
			sourceTree = "<group>";
		};
/* End PBXGroup section */

/* Begin PBXNativeTarget section */
		7E37A3E22EF0A99400E1932B /* AvgSpeed */ = {
			isa = PBXNativeTarget;
			buildConfigurationList = 7E37A3FA2EF0A99500E1932B /* Build configuration list for PBXNativeTarget "AvgSpeed" */;
			buildPhases = (
				7E37A3E12EF0A99400E1932B /* Resources */,
				7E37A3F92EF0A99500E1932B /* Embed Watch Content */,
			);
			buildRules = (
			);
			dependencies = (
				7E37A3EC2EF0A99400E1932B /* PBXTargetDependency */,
			);
			name = AvgSpeed;
			packageProductDependencies = (
			);
			productName = AvgSpeed;
			productReference = 7E37A3E32EF0A99400E1932B /* AvgSpeed.app */;
			productType = "com.apple.product-type.application.watchapp2-container";
		};
		7E37A3E82EF0A99400E1932B /* AvgSpeed Watch App */ = {
			isa = PBXNativeTarget;
			buildConfigurationList = 7E37A3F62EF0A99500E1932B /* Build configuration list for PBXNativeTarget "AvgSpeed Watch App" */;
			buildPhases = (
				7E37A3E52EF0A99400E1932B /* Sources */,
				7E37A3E62EF0A99400E1932B /* Frameworks */,
				7E37A3E72EF0A99400E1932B /* Resources */,
				7E9D10052F00000100E1932B /* Embed Foundation Extensions */,
			);
			buildRules = (
			);
			dependencies = (
				7E9D10112F00000100E1932B /* PBXTargetDependency */,
			);
			fileSystemSynchronizedGroups = (
				7E37A3ED2EF0A99400E1932B /* AvgSpeed Watch App */,
			);
			name = "AvgSpeed Watch App";
			packageProductDependencies = (
			);
			productName = "AvgSpeed Watch App";
			productReference = 7E37A3E92EF0A99400E1932B /* AvgSpeed Watch App.app */;
			productType = "com.apple.product-type.application";
		};
		7E9D100E2F00000100E1932B /* AvgSpeedComplicationExtension */ = {
			isa = PBXNativeTarget;
			buildConfigurationList = 7E9D10142F00000100E1932B /* Build configuration list for PBXNativeTarget "AvgSpeedComplicationExtension" */;
			buildPhases = (
				7E9D10102F00000100E1932B /* Sources */,
				7E9D100C2F00000100E1932B /* Frameworks */,
				7E9D100F2F00000100E1932B /* Resources */,
			);
			buildRules = (
			);
			dependencies = (
			);
			fileSystemSynchronizedGroups = (
				7E9D100B2F00000100E1932B /* AvgSpeedComplication */,
			);
			name = AvgSpeedComplicationExtension;
			packageProductDependencies = (
			);
			productName = AvgSpeedComplicationExtension;
			productReference = 7E9D10082F00000100E1932B /* AvgSpeedComplicationExtension.appex */;
			productType = "com.apple.product-type.app-extension";
		};
/* End PBXNativeTarget section */

/* Begin PBXProject section */
		7E37A3DD2EF0A99300E1932B /* Project object */ = {
			isa = PBXProject;
			attributes = {
				BuildIndependentTargetsInParallel = 1;
				LastSwiftUpdateCheck = 2610;
				LastUpgradeCheck = 2610;
				TargetAttributes = {
					7E37A3E22EF0A99400E1932B = {
						CreatedOnToolsVersion = 26.1.1;
					};
					7E37A3E82EF0A99400E1932B = {
						CreatedOnToolsVersion = 26.1.1;
						SystemCapabilities = {
							com.apple.HealthKit = {
								enabled = 1;
							};
						};
					};
					7E9D100E2F00000100E1932B = {
						CreatedOnToolsVersion = 26.1.1;
					};
				};
			};
			buildConfigurationList = 7E37A3E02EF0A99300E1932B /* Build configuration list for PBXProject "AvgSpeed" */;
			developmentRegion = en;
			hasScannedForEncodings = 0;
			knownRegions = (
				en,
				Base,
			);
			mainGroup = 7E37A3DC2EF0A99300E1932B;
			minimizedProjectReferenceProxies = 1;
			preferredProjectObjectVersion = 77;
			productRefGroup = 7E37A3E42EF0A99400E1932B /* Products */;
			projectDirPath = "";
			projectRoot = "";
			targets = (
				7E37A3E22EF0A99400E1932B /* AvgSpeed */,
				7E37A3E82EF0A99400E1932B /* AvgSpeed Watch App */,
				7E9D100E2F00000100E1932B /* AvgSpeedComplicationExtension */,
			);
		};
/* End PBXProject section */

/* Begin PBXResourcesBuildPhase section */
		7E37A3E12EF0A99400E1932B /* Resources */ = {
			isa = PBXResourcesBuildPhase;
			buildActionMask = 2147483647;
			files = (
			);
			runOnlyForDeploymentPostprocessing = 0;
		};
		7E37A3E72EF0A99400E1932B /* Resources */ = {
			isa = PBXResourcesBuildPhase;
			buildActionMask = 2147483647;
			files = (
			);
			runOnlyForDeploymentPostprocessing = 0;
		};
		7E9D100F2F00000100E1932B /* Resources */ = {
			isa = PBXResourcesBuildPhase;
			buildActionMask = 2147483647;
			files = (
			);
			runOnlyForDeploymentPostprocessing = 0;
		};
/* End PBXResourcesBuildPhase section */

/* Begin PBXSourcesBuildPhase section */
		7E37A3E52EF0A99400E1932B /* Sources */ = {
			isa = PBXSourcesBuildPhase;
			buildActionMask = 2147483647;
			files = (
			);
			runOnlyForDeploymentPostprocessing = 0;
		};
		7E9D10102F00000100E1932B /* Sources */ = {
			isa = PBXSourcesBuildPhase;
			buildActionMask = 2147483647;
			files = (
			);
			runOnlyForDeploymentPostprocessing = 0;
		};
/* End PBXSourcesBuildPhase section */

/* Begin PBXTargetDependency section */
		7E37A3EC2EF0A99400E1932B /* PBXTargetDependency */ = {
			isa = PBXTargetDependency;
			target = 7E37A3E82EF0A99400E1932B /* AvgSpeed Watch App */;
			targetProxy = 7E37A3EB2EF0A99400E1932B /* PBXContainerItemProxy */;
		};
		7E9D10112F00000100E1932B /* PBXTargetDependency */ = {
			isa = PBXTargetDependency;
			target = 7E9D100E2F00000100E1932B /* AvgSpeedComplicationExtension */;
			targetProxy = 7E9D10042F00000100E1932B /* PBXContainerItemProxy */;
		};
/* End PBXTargetDependency section */

/* Begin XCBuildConfiguration section */
		7E37A3F42EF0A99500E1932B /* Debug */ = {
			isa = XCBuildConfiguration;
			buildSettings = {
				ALWAYS_SEARCH_USER_PATHS = NO;
				ASSETCATALOG_COMPILER_GENERATE_SWIFT_ASSET_SYMBOL_EXTENSIONS = YES;
				CLANG_ANALYZER_NONNULL = YES;
				CLANG_ANALYZER_NUMBER_OBJECT_CONVERSION = YES_AGGRESSIVE;
				CLANG_CXX_LANGUAGE_STANDARD = "gnu++20";
				CLANG_ENABLE_MODULES = YES;
				CLANG_ENABLE_OBJC_ARC = YES;
				CLANG_ENABLE_OBJC_WEAK = YES;
				CLANG_WARN_BLOCK_CAPTURE_AUTORELEASING = YES;
				CLANG_WARN_BOOL_CONVERSION = YES;
				CLANG_WARN_COMMA = YES;
				CLANG_WARN_CONSTANT_CONVERSION = YES;
				CLANG_WARN_DEPRECATED_OBJC_IMPLEMENTATIONS = YES;
				CLANG_WARN_DIRECT_OBJC_ISA_USAGE = YES_ERROR;
				CLANG_WARN_DOCUMENTATION_COMMENTS = YES;
				CLANG_WARN_EMPTY_BODY = YES;
				CLANG_WARN_ENUM_CONVERSION = YES;
				CLANG_WARN_INFINITE_RECURSION = YES;
				CLANG_WARN_INT_CONVERSION = YES;
				CLANG_WARN_NON_LITERAL_NULL_CONVERSION = YES;
				CLANG_WARN_OBJC_IMPLICIT_RETAIN_SELF = YES;
				CLANG_WARN_OBJC_LITERAL_CONVERSION = YES;
				CLANG_WARN_OBJC_ROOT_CLASS = YES_ERROR;
				CLANG_WARN_QUOTED_INCLUDE_IN_FRAMEWORK_HEADER = YES;
				CLANG_WARN_RANGE_LOOP_ANALYSIS = YES;
				CLANG_WARN_STRICT_PROTOTYPES = YES;
				CLANG_WARN_SUSPICIOUS_MOVE = YES;
				CLANG_WARN_UNGUARDED_AVAILABILITY = YES_AGGRESSIVE;
				CLANG_WARN_UNREACHABLE_CODE = YES;
				CLANG_WARN__DUPLICATE_METHOD_MATCH = YES;
				COPY_PHASE_STRIP = NO;
				DEBUG_INFORMATION_FORMAT = dwarf;
				DEVELOPMENT_TEAM = 7TTF49AXF6;
				ENABLE_STRICT_OBJC_MSGSEND = YES;
				ENABLE_TESTABILITY = YES;
				ENABLE_USER_SCRIPT_SANDBOXING = YES;
				GCC_C_LANGUAGE_STANDARD = gnu17;
				GCC_DYNAMIC_NO_PIC = NO;
				GCC_NO_COMMON_BLOCKS = YES;
				GCC_OPTIMIZATION_LEVEL = 0;
				GCC_PREPROCESSOR_DEFINITIONS = (
					"DEBUG=1",
					"$(inherited)",
				);
				GCC_WARN_64_TO_32_BIT_CONVERSION = YES;
				GCC_WARN_ABOUT_RETURN_TYPE = YES_ERROR;
				GCC_WARN_UNDECLARED_SELECTOR = YES;
				GCC_WARN_UNINITIALIZED_AUTOS = YES_AGGRESSIVE;
				GCC_WARN_UNUSED_FUNCTION = YES;
				GCC_WARN_UNUSED_VARIABLE = YES;
				LOCALIZATION_PREFERS_STRING_CATALOGS = YES;
				MTL_ENABLE_DEBUG_INFO = INCLUDE_SOURCE;
				MTL_FAST_MATH = YES;
				ONLY_ACTIVE_ARCH = YES;
				SWIFT_ACTIVE_COMPILATION_CONDITIONS = "DEBUG $(inherited)";
				SWIFT_OPTIMIZATION_LEVEL = "-Onone";
			};
			name = Debug;
		};
		7E37A3F52EF0A99500E1932B /* Release */ = {
			isa = XCBuildConfiguration;
			buildSettings = {
				ALWAYS_SEARCH_USER_PATHS = NO;
				ASSETCATALOG_COMPILER_GENERATE_SWIFT_ASSET_SYMBOL_EXTENSIONS = YES;
				CLANG_ANALYZER_NONNULL = YES;
				CLANG_ANALYZER_NUMBER_OBJECT_CONVERSION = YES_AGGRESSIVE;
				CLANG_CXX_LANGUAGE_STANDARD = "gnu++20";
				CLANG_ENABLE_MODULES = YES;
				CLANG_ENABLE_OBJC_ARC = YES;
				CLANG_ENABLE_OBJC_WEAK = YES;
				CLANG_WARN_BLOCK_CAPTURE_AUTORELEASING = YES;
				CLANG_WARN_BOOL_CONVERSION = YES;
				CLANG_WARN_COMMA = YES;
				CLANG_WARN_CONSTANT_CONVERSION = YES;
				CLANG_WARN_DEPRECATED_OBJC_IMPLEMENTATIONS = YES;
				CLANG_WARN_DIRECT_OBJC_ISA_USAGE = YES_ERROR;
				CLANG_WARN_DOCUMENTATION_COMMENTS = YES;
				CLANG_WARN_EMPTY_BODY = YES;
				CLANG_WARN_ENUM_CONVERSION = YES;
				CLANG_WARN_INFINITE_RECURSION = YES;
				CLANG_WARN_INT_CONVERSION = YES;
				CLANG_WARN_NON_LITERAL_NULL_CONVERSION = YES;
				CLANG_WARN_OBJC_IMPLICIT_RETAIN_SELF = YES;
				CLANG_WARN_OBJC_LITERAL_CONVERSION = YES;
				CLANG_WARN_OBJC_ROOT_CLASS = YES_ERROR;
				CLANG_WARN_QUOTED_INCLUDE_IN_FRAMEWORK_HEADER = YES;
				CLANG_WARN_RANGE_LOOP_ANALYSIS = YES;
				CLANG_WARN_STRICT_PROTOTYPES = YES;
				CLANG_WARN_SUSPICIOUS_MOVE = YES;
				CLANG_WARN_UNGUARDED_AVAILABILITY = YES_AGGRESSIVE;
				CLANG_WARN_UNREACHABLE_CODE = YES;
				CLANG_WARN__DUPLICATE_METHOD_MATCH = YES;
				COPY_PHASE_STRIP = NO;
				DEBUG_INFORMATION_FORMAT = "dwarf-with-dsym";
				DEVELOPMENT_TEAM = 7TTF49AXF6;
				ENABLE_NS_ASSERTIONS = NO;
				ENABLE_STRICT_OBJC_MSGSEND = YES;
				ENABLE_USER_SCRIPT_SANDBOXING = YES;
				GCC_C_LANGUAGE_STANDARD = gnu17;
				GCC_NO_COMMON_BLOCKS = YES;
				GCC_WARN_64_TO_32_BIT_CONVERSION = YES;
				GCC_WARN_ABOUT_RETURN_TYPE = YES_ERROR;
				GCC_WARN_UNDECLARED_SELECTOR = YES;
				GCC_WARN_UNINITIALIZED_AUTOS = YES_AGGRESSIVE;
				GCC_WARN_UNUSED_FUNCTION = YES;
				GCC_WARN_UNUSED_VARIABLE = YES;
				LOCALIZATION_PREFERS_STRING_CATALOGS = YES;
				MTL_ENABLE_DEBUG_INFO = NO;
				MTL_FAST_MATH = YES;
				SWIFT_COMPILATION_MODE = wholemodule;
			};
			name = Release;
		};
		7E37A3F72EF0A99500E1932B /* Debug */ = {
			isa = XCBuildConfiguration;
			buildSettings = {
				ASSETCATALOG_COMPILER_APPICON_NAME = AppIcon;
				ASSETCATALOG_COMPILER_GLOBAL_ACCENT_COLOR_NAME = AccentColor;
				CODE_SIGN_ENTITLEMENTS = "AvgSpeed Watch App/AvgSpeed Watch App.entitlements";
				CODE_SIGN_STYLE = Automatic;
				CURRENT_PROJECT_VERSION = 4;
				DEVELOPMENT_TEAM = 7TTF49AXF6;
				ENABLE_PREVIEWS = YES;
				GENERATE_INFOPLIST_FILE = NO;
				INFOPLIST_FILE = "AvgSpeed Watch App-Info.plist";
				LD_RUNPATH_SEARCH_PATHS = (
					"$(inherited)",
					"@executable_path/Frameworks",
				);
				MARKETING_VERSION = 1.3;
				PRODUCT_BUNDLE_IDENTIFIER = com.vkassin.AvgSpeed.watchkitapp;
				PRODUCT_NAME = "$(TARGET_NAME)";
				SDKROOT = watchos;
				SKIP_INSTALL = YES;
				STRING_CATALOG_GENERATE_SYMBOLS = YES;
				SWIFT_APPROACHABLE_CONCURRENCY = YES;
				SWIFT_DEFAULT_ACTOR_ISOLATION = MainActor;
				SWIFT_EMIT_LOC_STRINGS = YES;
				SWIFT_UPCOMING_FEATURE_MEMBER_IMPORT_VISIBILITY = YES;
				SWIFT_VERSION = 5.0;
				TARGETED_DEVICE_FAMILY = 4;
				WATCHOS_DEPLOYMENT_TARGET = 10.6;
			};
			name = Debug;
		};
		7E37A3F82EF0A99500E1932B /* Release */ = {
			isa = XCBuildConfiguration;
			buildSettings = {
				ASSETCATALOG_COMPILER_APPICON_NAME = AppIcon;
				ASSETCATALOG_COMPILER_GLOBAL_ACCENT_COLOR_NAME = AccentColor;
				CODE_SIGN_ENTITLEMENTS = "AvgSpeed Watch App/AvgSpeed Watch App.entitlements";
				CODE_SIGN_STYLE = Automatic;
				CURRENT_PROJECT_VERSION = 4;
				DEVELOPMENT_TEAM = 7TTF49AXF6;
				ENABLE_PREVIEWS = YES;
				GENERATE_INFOPLIST_FILE = NO;
				INFOPLIST_FILE = "AvgSpeed Watch App-Info.plist";
				LD_RUNPATH_SEARCH_PATHS = (
					"$(inherited)",
					"@executable_path/Frameworks",
				);
				MARKETING_VERSION = 1.3;
				PRODUCT_BUNDLE_IDENTIFIER = com.vkassin.AvgSpeed.watchkitapp;
				PRODUCT_NAME = "$(TARGET_NAME)";
				SDKROOT = watchos;
				SKIP_INSTALL = YES;
				STRING_CATALOG_GENERATE_SYMBOLS = YES;
				SWIFT_APPROACHABLE_CONCURRENCY = YES;
				SWIFT_DEFAULT_ACTOR_ISOLATION = MainActor;
				SWIFT_EMIT_LOC_STRINGS = YES;
				SWIFT_UPCOMING_FEATURE_MEMBER_IMPORT_VISIBILITY = YES;
				SWIFT_VERSION = 5.0;
				TARGETED_DEVICE_FAMILY = 4;
				VALIDATE_PRODUCT = YES;
				WATCHOS_DEPLOYMENT_TARGET = 10.6;
			};
			name = Release;
		};
		7E9D10122F00000100E1932B /* Debug */ = {
			isa = XCBuildConfiguration;
			buildSettings = {
				CODE_SIGN_ENTITLEMENTS = AvgSpeedComplicationExtension.entitlements;
				CODE_SIGN_STYLE = Automatic;
				CURRENT_PROJECT_VERSION = 4;
				DEVELOPMENT_TEAM = 7TTF49AXF6;
				GENERATE_INFOPLIST_FILE = NO;
				INFOPLIST_FILE = AvgSpeedComplication/Info.plist;
				LD_RUNPATH_SEARCH_PATHS = (
					"$(inherited)",
					"@executable_path/Frameworks",
					"@executable_path/../../Frameworks",
					"@executable_path/../../../../Frameworks",
				);
				MARKETING_VERSION = 1.3;
				PRODUCT_BUNDLE_IDENTIFIER = com.vkassin.AvgSpeed.watchkitapp.AvgSpeedComplicationExtension;
				PRODUCT_NAME = "$(TARGET_NAME)";
				SDKROOT = watchos;
				SKIP_INSTALL = YES;
				SWIFT_EMIT_LOC_STRINGS = YES;
				SWIFT_VERSION = 5.0;
				TARGETED_DEVICE_FAMILY = 4;
				WATCHOS_DEPLOYMENT_TARGET = 10.6;
			};
			name = Debug;
		};
		7E9D10132F00000100E1932B /* Release */ = {
			isa = XCBuildConfiguration;
			buildSettings = {
				CODE_SIGN_ENTITLEMENTS = AvgSpeedComplicationExtension.entitlements;
				CODE_SIGN_STYLE = Automatic;
				CURRENT_PROJECT_VERSION = 4;
				DEVELOPMENT_TEAM = 7TTF49AXF6;
				GENERATE_INFOPLIST_FILE = NO;
				INFOPLIST_FILE = AvgSpeedComplication/Info.plist;
				LD_RUNPATH_SEARCH_PATHS = (
					"$(inherited)",
					"@executable_path/Frameworks",
					"@executable_path/../../Frameworks",
					"@executable_path/../../../../Frameworks",
				);
				MARKETING_VERSION = 1.3;
				PRODUCT_BUNDLE_IDENTIFIER = com.vkassin.AvgSpeed.watchkitapp.AvgSpeedComplicationExtension;
				PRODUCT_NAME = "$(TARGET_NAME)";
				SDKROOT = watchos;
				SKIP_INSTALL = YES;
				SWIFT_EMIT_LOC_STRINGS = YES;
				SWIFT_VERSION = 5.0;
				TARGETED_DEVICE_FAMILY = 4;
				VALIDATE_PRODUCT = YES;
				WATCHOS_DEPLOYMENT_TARGET = 10.6;
			};
			name = Release;
		};
		7E37A3FB2EF0A99500E1932B /* Debug */ = {
			isa = XCBuildConfiguration;
			buildSettings = {
				CODE_SIGN_STYLE = Automatic;
				CURRENT_PROJECT_VERSION = 4;
				DEVELOPMENT_TEAM = 7TTF49AXF6;
				INFOPLIST_KEY_CFBundleDisplayName = AvgSpeed;
				MARKETING_VERSION = 1.3;
				PRODUCT_BUNDLE_IDENTIFIER = com.vkassin.AvgSpeed;
				PRODUCT_NAME = "$(TARGET_NAME)";
				SDKROOT = iphoneos;
				SWIFT_APPROACHABLE_CONCURRENCY = YES;
				SWIFT_UPCOMING_FEATURE_MEMBER_IMPORT_VISIBILITY = YES;
				SWIFT_VERSION = 5.0;
			};
			name = Debug;
		};
		7E37A3FC2EF0A99500E1932B /* Release */ = {
			isa = XCBuildConfiguration;
			buildSettings = {
				CODE_SIGN_STYLE = Automatic;
				CURRENT_PROJECT_VERSION = 4;
				DEVELOPMENT_TEAM = 7TTF49AXF6;
				INFOPLIST_KEY_CFBundleDisplayName = AvgSpeed;
				MARKETING_VERSION = 1.3;
				PRODUCT_BUNDLE_IDENTIFIER = com.vkassin.AvgSpeed;
				PRODUCT_NAME = "$(TARGET_NAME)";
				SDKROOT = iphoneos;
				SWIFT_APPROACHABLE_CONCURRENCY = YES;
				SWIFT_UPCOMING_FEATURE_MEMBER_IMPORT_VISIBILITY = YES;
				SWIFT_VERSION = 5.0;
				VALIDATE_PRODUCT = YES;
			};
			name = Release;
		};
/* End XCBuildConfiguration section */

/* Begin XCConfigurationList section */
		7E37A3E02EF0A99300E1932B /* Build configuration list for PBXProject "AvgSpeed" */ = {
			isa = XCConfigurationList;
			buildConfigurations = (
				7E37A3F42EF0A99500E1932B /* Debug */,
				7E37A3F52EF0A99500E1932B /* Release */,
			);
			defaultConfigurationIsVisible = 0;
			defaultConfigurationName = Release;
		};
		7E37A3F62EF0A99500E1932B /* Build configuration list for PBXNativeTarget "AvgSpeed Watch App" */ = {
			isa = XCConfigurationList;
			buildConfigurations = (
				7E37A3F72EF0A99500E1932B /* Debug */,
				7E37A3F82EF0A99500E1932B /* Release */,
			);
			defaultConfigurationIsVisible = 0;
			defaultConfigurationName = Release;
		};
		7E37A3FA2EF0A99500E1932B /* Build configuration list for PBXNativeTarget "AvgSpeed" */ = {
			isa = XCConfigurationList;
			buildConfigurations = (
				7E37A3FB2EF0A99500E1932B /* Debug */,
				7E37A3FC2EF0A99500E1932B /* Release */,
			);
			defaultConfigurationIsVisible = 0;
			defaultConfigurationName = Release;
		};
		7E9D10142F00000100E1932B /* Build configuration list for PBXNativeTarget "AvgSpeedComplicationExtension" */ = {
			isa = XCConfigurationList;
			buildConfigurations = (
				7E9D10122F00000100E1932B /* Debug */,
				7E9D10132F00000100E1932B /* Release */,
			);
			defaultConfigurationIsVisible = 0;
			defaultConfigurationName = Release;
		};
/* End XCConfigurationList section */
	};
	rootObject = 7E37A3DD2EF0A99300E1932B /* Project object */;
}
